
Microsoft Visual Studio Solution File, Format Version 12.00
# Visual Studio Version 17
VisualStudioVersion = 17.10.35122.118
MinimumVisualStudioVersion = 10.0.40219.1
Project("{FAE04EC0-301F-11D3-BF4B-00C04F79EFBC}") = "ArthurIFRJ", "ArthurIFRJ\ArthurIFRJ.csproj", "{CF21B7B9-7AB0-40B4-8A8F-394B7A3713DD}"
EndProject
Global
	GlobalSection(SolutionConfigurationPlatforms) = preSolution
		Debug|Any CPU = Debug|Any CPU
		Release|Any CPU = Release|Any CPU
	EndGlobalSection
	GlobalSection(ProjectConfigurationPlatforms) = postSolution
		{CF21B7B9-7AB0-40B4-8A8F-394B7A3713DD}.Debug|Any CPU.ActiveCfg = Debug|Any CPU
		{CF21B7B9-7AB0-40B4-8A8F-394B7A3713DD}.Debug|Any CPU.Build.0 = Debug|Any CPU
		{CF21B7B9-7AB0-40B4-8A8F-394B7A3713DD}.Release|Any CPU.ActiveCfg = Release|Any CPU
		{CF21B7B9-7AB0-40B4-8A8F-394B7A3713DD}.Release|Any CPU.Build.0 = Release|Any CPU
	EndGlobalSection
	GlobalSection(SolutionProperties) = preSolution
		HideSolutionNode = FALSE
	EndGlobalSection
	GlobalSection(ExtensibilityGlobals) = postSolution
		SolutionGuid = {24E2BA07-2488-469C-96DE-8B634C11E10A}
	EndGlobalSection
EndGlobal
